
Microsoft Visual Studio Solution File, Format Version 12.00
# Visual Studio 14
VisualStudioVersion = 14.0.24720.0
MinimumVisualStudioVersion = 10.0.40219.1
Project("{FAE04EC0-301F-11D3-BF4B-00C04F79EFBC}") = "SerilogWeb.Classic.WebApi", "SerilogWeb.Classic.WebApi\SerilogWeb.Classic.WebApi.csproj", "{A0C38DC7-1D9F-4D0C-8EFA-CEEE34FCA188}"
EndProject
Project("{FAE04EC0-301F-11D3-BF4B-00C04F79EFBC}") = "SerilogWeb.Classic.WebApi.Test", "SerilogWeb.Classic.WebApi.Test\SerilogWeb.Classic.WebApi.Test.csproj", "{F6EA68EE-432C-414D-8451-67B274FEA5F3}"
EndProject
Global
	GlobalSection(SolutionConfigurationPlatforms) = preSolution
		Debug|Any CPU = Debug|Any CPU
		Release|Any CPU = Release|Any CPU
	EndGlobalSection
	GlobalSection(ProjectConfigurationPlatforms) = postSolution
		{A0C38DC7-1D9F-4D0C-8EFA-CEEE34FCA188}.Debug|Any CPU.ActiveCfg = Debug|Any CPU
		{A0C38DC7-1D9F-4D0C-8EFA-CEEE34FCA188}.Debug|Any CPU.Build.0 = Debug|Any CPU
		{A0C38DC7-1D9F-4D0C-8EFA-CEEE34FCA188}.Release|Any CPU.ActiveCfg = Release|Any CPU
		{A0C38DC7-1D9F-4D0C-8EFA-CEEE34FCA188}.Release|Any CPU.Build.0 = Release|Any CPU
		{F6EA68EE-432C-414D-8451-67B274FEA5F3}.Debug|Any CPU.ActiveCfg = Debug|Any CPU
		{F6EA68EE-432C-414D-8451-67B274FEA5F3}.Debug|Any CPU.Build.0 = Debug|Any CPU
		{F6EA68EE-432C-414D-8451-67B274FEA5F3}.Release|Any CPU.ActiveCfg = Release|Any CPU
		{F6EA68EE-432C-414D-8451-67B274FEA5F3}.Release|Any CPU.Build.0 = Release|Any CPU
	EndGlobalSection
	GlobalSection(SolutionProperties) = preSolution
		HideSolutionNode = FALSE
	EndGlobalSection
EndGlobal
